
Microsoft Visual Studio Solution File, Format Version 12.00
# Visual Studio 2013
VisualStudioVersion = 12.0.30723.0
MinimumVisualStudioVersion = 10.0.40219.1
Project("{FAE04EC0-301F-11D3-BF4B-00C04F79EFBC}") = "CI-HelloWorld", "CI-HelloWorld\CI-HelloWorld.csproj", "{F657F3D5-58EE-4472-A974-F87512A267B2}"
EndProject
Project("{FAE04EC0-301F-11D3-BF4B-00C04F79EFBC}") = "CI-HelloWorld.Tests", "CI-HelloWorld.Tests\CI-HelloWorld.Tests.csproj", "{2B93E1CB-391D-43D6-B295-A9A44E38AFF9}"
EndProject
Global
	GlobalSection(SolutionConfigurationPlatforms) = preSolution
		Debug|Any CPU = Debug|Any CPU
		Release|Any CPU = Release|Any CPU
	EndGlobalSection
	GlobalSection(ProjectConfigurationPlatforms) = postSolution
		{F657F3D5-58EE-4472-A974-F87512A267B2}.Debug|Any CPU.ActiveCfg = Debug|Any CPU
		{F657F3D5-58EE-4472-A974-F87512A267B2}.Debug|Any CPU.Build.0 = Debug|Any CPU
		{F657F3D5-58EE-4472-A974-F87512A267B2}.Release|Any CPU.ActiveCfg = Release|Any CPU
		{F657F3D5-58EE-4472-A974-F87512A267B2}.Release|Any CPU.Build.0 = Release|Any CPU
		{2B93E1CB-391D-43D6-B295-A9A44E38AFF9}.Debug|Any CPU.ActiveCfg = Debug|Any CPU
		{2B93E1CB-391D-43D6-B295-A9A44E38AFF9}.Debug|Any CPU.Build.0 = Debug|Any CPU
		{2B93E1CB-391D-43D6-B295-A9A44E38AFF9}.Release|Any CPU.ActiveCfg = Release|Any CPU
		{2B93E1CB-391D-43D6-B295-A9A44E38AFF9}.Release|Any CPU.Build.0 = Release|Any CPU
	EndGlobalSection
	GlobalSection(SolutionProperties) = preSolution
		HideSolutionNode = FALSE
	EndGlobalSection
EndGlobal
